
Microsoft Visual Studio Solution File, Format Version 12.00
# Visual Studio Version 17
VisualStudioVersion = 17.5.002.0
MinimumVisualStudioVersion = 10.0.40219.1
Project("{9A19103F-16F7-4668-BE54-9A1E7A4F7556}") = "Crm", "Crm\Crm.csproj", "{62DB17E2-46ED-4686-BEBC-F0A4D3934478}"
EndProject
Global
	GlobalSection(SolutionConfigurationPlatforms) = preSolution
		Debug|Any CPU = Debug|Any CPU
		Release|Any CPU = Release|Any CPU
	EndGlobalSection
	GlobalSection(ProjectConfigurationPlatforms) = postSolution
		{62DB17E2-46ED-4686-BEBC-F0A4D3934478}.Debug|Any CPU.ActiveCfg = Debug|Any CPU
		{62DB17E2-46ED-4686-BEBC-F0A4D3934478}.Debug|Any CPU.Build.0 = Debug|Any CPU
		{62DB17E2-46ED-4686-BEBC-F0A4D3934478}.Release|Any CPU.ActiveCfg = Release|Any CPU
		{62DB17E2-46ED-4686-BEBC-F0A4D3934478}.Release|Any CPU.Build.0 = Release|Any CPU
	EndGlobalSection
	GlobalSection(SolutionProperties) = preSolution
		HideSolutionNode = FALSE
	EndGlobalSection
	GlobalSection(ExtensibilityGlobals) = postSolution
		SolutionGuid = {3286E56B-117E-4DDE-BC0B-E27F8A18051E}
	EndGlobalSection
EndGlobal
